// !$*UTF8*$!
{
	archiveVersion = 1;
	classes = {
	};
	objectVersion = 56;
	objects = {

/* Begin PBXBuildFile section */
		D6423A402ECD868900E053E7 /* HorizontalListView.swift in Sources */ = {isa = PBXBuildFile; fileRef = D6423A3F2ECD868900E053E7 /* HorizontalListView.swift */; };
		D6423A422ECD9C2A00E053E7 /* Title.swift in Sources */ = {isa = PBXBuildFile; fileRef = D6423A412ECD9C2A00E053E7 /* Title.swift */; };
		D6423A442ECDA3E600E053E7 /* APIConfig.json in Resources */ = {isa = PBXBuildFile; fileRef = D6423A432ECDA3E600E053E7 /* APIConfig.json */; };
		D6423A462ECDA44E00E053E7 /* APIConfig.swift in Sources */ = {isa = PBXBuildFile; fileRef = D6423A452ECDA44E00E053E7 /* APIConfig.swift */; };
		D6423A482ECDA67F00E053E7 /* Errors.swift in Sources */ = {isa = PBXBuildFile; fileRef = D6423A472ECDA67F00E053E7 /* Errors.swift */; };
		D6423A4E2ECDAFBA00E053E7 /* DataFetcher.swift in Sources */ = {isa = PBXBuildFile; fileRef = D6423A4D2ECDAFBA00E053E7 /* DataFetcher.swift */; };
		D69329152ECC4ECD0028C88C /* BlossomMovieApp.swift in Sources */ = {isa = PBXBuildFile; fileRef = D69329142ECC4ECD0028C88C /* BlossomMovieApp.swift */; };
		D69329172ECC4ECD0028C88C /* ContentView.swift in Sources */ = {isa = PBXBuildFile; fileRef = D69329162ECC4ECD0028C88C /* ContentView.swift */; };
		D69329192ECC4ECE0028C88C /* Assets.xcassets in Resources */ = {isa = PBXBuildFile; fileRef = D69329182ECC4ECE0028C88C /* Assets.xcassets */; };
		D693291C2ECC4ECE0028C88C /* Preview Assets.xcassets in Resources */ = {isa = PBXBuildFile; fileRef = D693291B2ECC4ECE0028C88C /* Preview Assets.xcassets */; };
		D69329262ECC4ECE0028C88C /* BlossomMovieTests.swift in Sources */ = {isa = PBXBuildFile; fileRef = D69329252ECC4ECE0028C88C /* BlossomMovieTests.swift */; };
		D69329302ECC4ECE0028C88C /* BlossomMovieUITests.swift in Sources */ = {isa = PBXBuildFile; fileRef = D693292F2ECC4ECE0028C88C /* BlossomMovieUITests.swift */; };
		D69329322ECC4ECE0028C88C /* BlossomMovieUITestsLaunchTests.swift in Sources */ = {isa = PBXBuildFile; fileRef = D69329312ECC4ECE0028C88C /* BlossomMovieUITestsLaunchTests.swift */; };
		D69329412ECC68890028C88C /* Constants.swift in Sources */ = {isa = PBXBuildFile; fileRef = D69329402ECC68890028C88C /* Constants.swift */; };
		D69329452ECC6ED20028C88C /* HomeView.swift in Sources */ = {isa = PBXBuildFile; fileRef = D69329442ECC6ED20028C88C /* HomeView.swift */; };
		D6A1813D2ECDBF46009736AA /* ViewModel.swift in Sources */ = {isa = PBXBuildFile; fileRef = D6A1813C2ECDBF46009736AA /* ViewModel.swift */; };
		D6FB892A2ED059310000B4C3 /* TitleDetailView.swift in Sources */ = {isa = PBXBuildFile; fileRef = D6FB89292ED059310000B4C3 /* TitleDetailView.swift */; };
		D6FB892C2ED05EF50000B4C3 /* YoutubePlayer.swift in Sources */ = {isa = PBXBuildFile; fileRef = D6FB892B2ED05EF50000B4C3 /* YoutubePlayer.swift */; };
/* End PBXBuildFile section */

/* Begin PBXContainerItemProxy section */
		D69329222ECC4ECE0028C88C /* PBXContainerItemProxy */ = {
			isa = PBXContainerItemProxy;
			containerPortal = D69329092ECC4ECD0028C88C /* Project object */;
			proxyType = 1;
			remoteGlobalIDString = D69329102ECC4ECD0028C88C;
			remoteInfo = BlossomMovie;
		};
		D693292C2ECC4ECE0028C88C /* PBXContainerItemProxy */ = {
			isa = PBXContainerItemProxy;
			containerPortal = D69329092ECC4ECD0028C88C /* Project object */;
			proxyType = 1;
			remoteGlobalIDString = D69329102ECC4ECD0028C88C;
			remoteInfo = BlossomMovie;
		};
/* End PBXContainerItemProxy section */

/* Begin PBXFileReference section */
		D6423A3F2ECD868900E053E7 /* HorizontalListView.swift */ = {isa = PBXFileReference; lastKnownFileType = sourcecode.swift; path = HorizontalListView.swift; sourceTree = "<group>"; };
		D6423A412ECD9C2A00E053E7 /* Title.swift */ = {isa = PBXFileReference; lastKnownFileType = sourcecode.swift; path = Title.swift; sourceTree = "<group>"; };
		D6423A432ECDA3E600E053E7 /* APIConfig.json */ = {isa = PBXFileReference; lastKnownFileType = text.json; path = APIConfig.json; sourceTree = "<group>"; };
		D6423A452ECDA44E00E053E7 /* APIConfig.swift */ = {isa = PBXFileReference; lastKnownFileType = sourcecode.swift; path = APIConfig.swift; sourceTree = "<group>"; };
		D6423A472ECDA67F00E053E7 /* Errors.swift */ = {isa = PBXFileReference; lastKnownFileType = sourcecode.swift; path = Errors.swift; sourceTree = "<group>"; };
		D6423A4D2ECDAFBA00E053E7 /* DataFetcher.swift */ = {isa = PBXFileReference; lastKnownFileType = sourcecode.swift; path = DataFetcher.swift; sourceTree = "<group>"; };
		D69329112ECC4ECD0028C88C /* BlossomMovie.app */ = {isa = PBXFileReference; explicitFileType = wrapper.application; includeInIndex = 0; path = BlossomMovie.app; sourceTree = BUILT_PRODUCTS_DIR; };
		D69329142ECC4ECD0028C88C /* BlossomMovieApp.swift */ = {isa = PBXFileReference; lastKnownFileType = sourcecode.swift; path = BlossomMovieApp.swift; sourceTree = "<group>"; };
		D69329162ECC4ECD0028C88C /* ContentView.swift */ = {isa = PBXFileReference; lastKnownFileType = sourcecode.swift; path = ContentView.swift; sourceTree = "<group>"; };
		D69329182ECC4ECE0028C88C /* Assets.xcassets */ = {isa = PBXFileReference; lastKnownFileType = folder.assetcatalog; path = Assets.xcassets; sourceTree = "<group>"; };
		D693291B2ECC4ECE0028C88C /* Preview Assets.xcassets */ = {isa = PBXFileReference; lastKnownFileType = folder.assetcatalog; path = "Preview Assets.xcassets"; sourceTree = "<group>"; };
		D69329212ECC4ECE0028C88C /* BlossomMovieTests.xctest */ = {isa = PBXFileReference; explicitFileType = wrapper.cfbundle; includeInIndex = 0; path = BlossomMovieTests.xctest; sourceTree = BUILT_PRODUCTS_DIR; };
		D69329252ECC4ECE0028C88C /* BlossomMovieTests.swift */ = {isa = PBXFileReference; lastKnownFileType = sourcecode.swift; path = BlossomMovieTests.swift; sourceTree = "<group>"; };
		D693292B2ECC4ECE0028C88C /* BlossomMovieUITests.xctest */ = {isa = PBXFileReference; explicitFileType = wrapper.cfbundle; includeInIndex = 0; path = BlossomMovieUITests.xctest; sourceTree = BUILT_PRODUCTS_DIR; };
		D693292F2ECC4ECE0028C88C /* BlossomMovieUITests.swift */ = {isa = PBXFileReference; lastKnownFileType = sourcecode.swift; path = BlossomMovieUITests.swift; sourceTree = "<group>"; };
		D69329312ECC4ECE0028C88C /* BlossomMovieUITestsLaunchTests.swift */ = {isa = PBXFileReference; lastKnownFileType = sourcecode.swift; path = BlossomMovieUITestsLaunchTests.swift; sourceTree = "<group>"; };
		D69329402ECC68890028C88C /* Constants.swift */ = {isa = PBXFileReference; lastKnownFileType = sourcecode.swift; path = Constants.swift; sourceTree = "<group>"; };
		D69329442ECC6ED20028C88C /* HomeView.swift */ = {isa = PBXFileReference; lastKnownFileType = sourcecode.swift; path = HomeView.swift; sourceTree = "<group>"; };
		D6A1813C2ECDBF46009736AA /* ViewModel.swift */ = {isa = PBXFileReference; lastKnownFileType = sourcecode.swift; path = ViewModel.swift; sourceTree = "<group>"; };
		D6FB89292ED059310000B4C3 /* TitleDetailView.swift */ = {isa = PBXFileReference; lastKnownFileType = sourcecode.swift; path = TitleDetailView.swift; sourceTree = "<group>"; };
		D6FB892B2ED05EF50000B4C3 /* YoutubePlayer.swift */ = {isa = PBXFileReference; lastKnownFileType = sourcecode.swift; path = YoutubePlayer.swift; sourceTree = "<group>"; };
/* End PBXFileReference section */

/* Begin PBXFrameworksBuildPhase section */
		D693290E2ECC4ECD0028C88C /* Frameworks */ = {
			isa = PBXFrameworksBuildPhase;
			buildActionMask = 2147483647;
			files = (
			);
			runOnlyForDeploymentPostprocessing = 0;
		};
		D693291E2ECC4ECE0028C88C /* Frameworks */ = {
			isa = PBXFrameworksBuildPhase;
			buildActionMask = 2147483647;
			files = (
			);
			runOnlyForDeploymentPostprocessing = 0;
		};
		D69329282ECC4ECE0028C88C /* Frameworks */ = {
			isa = PBXFrameworksBuildPhase;
			buildActionMask = 2147483647;
			files = (
			);
			runOnlyForDeploymentPostprocessing = 0;
		};
/* End PBXFrameworksBuildPhase section */

/* Begin PBXGroup section */
		D69329082ECC4ECD0028C88C = {
			isa = PBXGroup;
			children = (
				D69329132ECC4ECD0028C88C /* BlossomMovie */,
				D69329242ECC4ECE0028C88C /* BlossomMovieTests */,
				D693292E2ECC4ECE0028C88C /* BlossomMovieUITests */,
				D69329122ECC4ECD0028C88C /* Products */,
			);
			sourceTree = "<group>";
		};
		D69329122ECC4ECD0028C88C /* Products */ = {
			isa = PBXGroup;
			children = (
				D69329112ECC4ECD0028C88C /* BlossomMovie.app */,
				D69329212ECC4ECE0028C88C /* BlossomMovieTests.xctest */,
				D693292B2ECC4ECE0028C88C /* BlossomMovieUITests.xctest */,
			);
			name = Products;
			sourceTree = "<group>";
		};
		D69329132ECC4ECD0028C88C /* BlossomMovie */ = {
			isa = PBXGroup;
			children = (
				D69329142ECC4ECD0028C88C /* BlossomMovieApp.swift */,
				D69329162ECC4ECD0028C88C /* ContentView.swift */,
				D6423A412ECD9C2A00E053E7 /* Title.swift */,
				D6423A432ECDA3E600E053E7 /* APIConfig.json */,
				D6423A452ECDA44E00E053E7 /* APIConfig.swift */,
				D6FB892B2ED05EF50000B4C3 /* YoutubePlayer.swift */,
				D6423A472ECDA67F00E053E7 /* Errors.swift */,
				D6423A4D2ECDAFBA00E053E7 /* DataFetcher.swift */,
				D69329402ECC68890028C88C /* Constants.swift */,
				D6423A3F2ECD868900E053E7 /* HorizontalListView.swift */,
				D69329442ECC6ED20028C88C /* HomeView.swift */,
				D6FB89292ED059310000B4C3 /* TitleDetailView.swift */,
				D69329182ECC4ECE0028C88C /* Assets.xcassets */,
				D693291A2ECC4ECE0028C88C /* Preview Content */,
				D6A1813C2ECDBF46009736AA /* ViewModel.swift */,
			);
			path = BlossomMovie;
			sourceTree = "<group>";
		};
		D693291A2ECC4ECE0028C88C /* Preview Content */ = {
			isa = PBXGroup;
			children = (
				D693291B2ECC4ECE0028C88C /* Preview Assets.xcassets */,
			);
			path = "Preview Content";
			sourceTree = "<group>";
		};
		D69329242ECC4ECE0028C88C /* BlossomMovieTests */ = {
			isa = PBXGroup;
			children = (
				D69329252ECC4ECE0028C88C /* BlossomMovieTests.swift */,
			);
			path = BlossomMovieTests;
			sourceTree = "<group>";
		};
		D693292E2ECC4ECE0028C88C /* BlossomMovieUITests */ = {
			isa = PBXGroup;
			children = (
				D693292F2ECC4ECE0028C88C /* BlossomMovieUITests.swift */,
				D69329312ECC4ECE0028C88C /* BlossomMovieUITestsLaunchTests.swift */,
			);
			path = BlossomMovieUITests;
			sourceTree = "<group>";
		};
/* End PBXGroup section */

/* Begin PBXNativeTarget section */
		D69329102ECC4ECD0028C88C /* BlossomMovie */ = {
			isa = PBXNativeTarget;
			buildConfigurationList = D69329352ECC4ECE0028C88C /* Build configuration list for PBXNativeTarget "BlossomMovie" */;
			buildPhases = (
				D693290D2ECC4ECD0028C88C /* Sources */,
				D693290E2ECC4ECD0028C88C /* Frameworks */,
				D693290F2ECC4ECD0028C88C /* Resources */,
			);
			buildRules = (
			);
			dependencies = (
			);
			name = BlossomMovie;
			productName = BlossomMovie;
			productReference = D69329112ECC4ECD0028C88C /* BlossomMovie.app */;
			productType = "com.apple.product-type.application";
		};
		D69329202ECC4ECE0028C88C /* BlossomMovieTests */ = {
			isa = PBXNativeTarget;
			buildConfigurationList = D69329382ECC4ECE0028C88C /* Build configuration list for PBXNativeTarget "BlossomMovieTests" */;
			buildPhases = (
				D693291D2ECC4ECE0028C88C /* Sources */,
				D693291E2ECC4ECE0028C88C /* Frameworks */,
				D693291F2ECC4ECE0028C88C /* Resources */,
			);
			buildRules = (
			);
			dependencies = (
				D69329232ECC4ECE0028C88C /* PBXTargetDependency */,
			);
			name = BlossomMovieTests;
			productName = BlossomMovieTests;
			productReference = D69329212ECC4ECE0028C88C /* BlossomMovieTests.xctest */;
			productType = "com.apple.product-type.bundle.unit-test";
		};
		D693292A2ECC4ECE0028C88C /* BlossomMovieUITests */ = {
			isa = PBXNativeTarget;
			buildConfigurationList = D693293B2ECC4ECE0028C88C /* Build configuration list for PBXNativeTarget "BlossomMovieUITests" */;
			buildPhases = (
				D69329272ECC4ECE0028C88C /* Sources */,
				D69329282ECC4ECE0028C88C /* Frameworks */,
				D69329292ECC4ECE0028C88C /* Resources */,
			);
			buildRules = (
			);
			dependencies = (
				D693292D2ECC4ECE0028C88C /* PBXTargetDependency */,
			);
			name = BlossomMovieUITests;
			productName = BlossomMovieUITests;
			productReference = D693292B2ECC4ECE0028C88C /* BlossomMovieUITests.xctest */;
			productType = "com.apple.product-type.bundle.ui-testing";
		};
/* End PBXNativeTarget section */

/* Begin PBXProject section */
		D69329092ECC4ECD0028C88C /* Project object */ = {
			isa = PBXProject;
			attributes = {
				BuildIndependentTargetsInParallel = 1;
				LastSwiftUpdateCheck = 1520;
				LastUpgradeCheck = 1620;
				TargetAttributes = {
					D69329102ECC4ECD0028C88C = {
						CreatedOnToolsVersion = 15.2;
					};
					D69329202ECC4ECE0028C88C = {
						CreatedOnToolsVersion = 15.2;
						TestTargetID = D69329102ECC4ECD0028C88C;
					};
					D693292A2ECC4ECE0028C88C = {
						CreatedOnToolsVersion = 15.2;
						TestTargetID = D69329102ECC4ECD0028C88C;
					};
				};
			};
			buildConfigurationList = D693290C2ECC4ECD0028C88C /* Build configuration list for PBXProject "BlossomMovie" */;
			compatibilityVersion = "Xcode 14.0";
			developmentRegion = en;
			hasScannedForEncodings = 0;
			knownRegions = (
				en,
				Base,
			);
			mainGroup = D69329082ECC4ECD0028C88C;
			productRefGroup = D69329122ECC4ECD0028C88C /* Products */;
			projectDirPath = "";
			projectRoot = "";
			targets = (
				D69329102ECC4ECD0028C88C /* BlossomMovie */,
				D69329202ECC4ECE0028C88C /* BlossomMovieTests */,
				D693292A2ECC4ECE0028C88C /* BlossomMovieUITests */,
			);
		};
/* End PBXProject section */

/* Begin PBXResourcesBuildPhase section */
		D693290F2ECC4ECD0028C88C /* Resources */ = {
			isa = PBXResourcesBuildPhase;
			buildActionMask = 2147483647;
			files = (
				D693291C2ECC4ECE0028C88C /* Preview Assets.xcassets in Resources */,
				D69329192ECC4ECE0028C88C /* Assets.xcassets in Resources */,
				D6423A442ECDA3E600E053E7 /* APIConfig.json in Resources */,
			);
			runOnlyForDeploymentPostprocessing = 0;
		};
		D693291F2ECC4ECE0028C88C /* Resources */ = {
			isa = PBXResourcesBuildPhase;
			buildActionMask = 2147483647;
			files = (
			);
			runOnlyForDeploymentPostprocessing = 0;
		};
		D69329292ECC4ECE0028C88C /* Resources */ = {
			isa = PBXResourcesBuildPhase;
			buildActionMask = 2147483647;
			files = (
			);
			runOnlyForDeploymentPostprocessing = 0;
		};
/* End PBXResourcesBuildPhase section */

/* Begin PBXSourcesBuildPhase section */
		D693290D2ECC4ECD0028C88C /* Sources */ = {
			isa = PBXSourcesBuildPhase;
			buildActionMask = 2147483647;
			files = (
				D6A1813D2ECDBF46009736AA /* ViewModel.swift in Sources */,
				D69329172ECC4ECD0028C88C /* ContentView.swift in Sources */,
				D69329452ECC6ED20028C88C /* HomeView.swift in Sources */,
				D69329152ECC4ECD0028C88C /* BlossomMovieApp.swift in Sources */,
				D69329412ECC68890028C88C /* Constants.swift in Sources */,
				D6423A482ECDA67F00E053E7 /* Errors.swift in Sources */,
				D6423A422ECD9C2A00E053E7 /* Title.swift in Sources */,
				D6FB892A2ED059310000B4C3 /* TitleDetailView.swift in Sources */,
				D6FB892C2ED05EF50000B4C3 /* YoutubePlayer.swift in Sources */,
				D6423A4E2ECDAFBA00E053E7 /* DataFetcher.swift in Sources */,
				D6423A402ECD868900E053E7 /* HorizontalListView.swift in Sources */,
				D6423A462ECDA44E00E053E7 /* APIConfig.swift in Sources */,
			);
			runOnlyForDeploymentPostprocessing = 0;
		};
		D693291D2ECC4ECE0028C88C /* Sources */ = {
			isa = PBXSourcesBuildPhase;
			buildActionMask = 2147483647;
			files = (
				D69329262ECC4ECE0028C88C /* BlossomMovieTests.swift in Sources */,
			);
			runOnlyForDeploymentPostprocessing = 0;
		};
		D69329272ECC4ECE0028C88C /* Sources */ = {
			isa = PBXSourcesBuildPhase;
			buildActionMask = 2147483647;
			files = (
				D69329302ECC4ECE0028C88C /* BlossomMovieUITests.swift in Sources */,
				D69329322ECC4ECE0028C88C /* BlossomMovieUITestsLaunchTests.swift in Sources */,
			);
			runOnlyForDeploymentPostprocessing = 0;
		};
/* End PBXSourcesBuildPhase section */

/* Begin PBXTargetDependency section */
		D69329232ECC4ECE0028C88C /* PBXTargetDependency */ = {
			isa = PBXTargetDependency;
			target = D69329102ECC4ECD0028C88C /* BlossomMovie */;
			targetProxy = D69329222ECC4ECE0028C88C /* PBXContainerItemProxy */;
		};
		D693292D2ECC4ECE0028C88C /* PBXTargetDependency */ = {
			isa = PBXTargetDependency;
			target = D69329102ECC4ECD0028C88C /* BlossomMovie */;
			targetProxy = D693292C2ECC4ECE0028C88C /* PBXContainerItemProxy */;
		};
/* End PBXTargetDependency section */

/* Begin XCBuildConfiguration section */
		D69329332ECC4ECE0028C88C /* Debug */ = {
			isa = XCBuildConfiguration;
			buildSettings = {
				ALWAYS_SEARCH_USER_PATHS = NO;
				ASSETCATALOG_COMPILER_GENERATE_SWIFT_ASSET_SYMBOL_EXTENSIONS = YES;
				CLANG_ANALYZER_NONNULL = YES;
				CLANG_ANALYZER_NUMBER_OBJECT_CONVERSION = YES_AGGRESSIVE;
				CLANG_CXX_LANGUAGE_STANDARD = "gnu++20";
				CLANG_ENABLE_MODULES = YES;
				CLANG_ENABLE_OBJC_ARC = YES;
				CLANG_ENABLE_OBJC_WEAK = YES;
				CLANG_WARN_BLOCK_CAPTURE_AUTORELEASING = YES;
				CLANG_WARN_BOOL_CONVERSION = YES;
				CLANG_WARN_COMMA = YES;
				CLANG_WARN_CONSTANT_CONVERSION = YES;
				CLANG_WARN_DEPRECATED_OBJC_IMPLEMENTATIONS = YES;
				CLANG_WARN_DIRECT_OBJC_ISA_USAGE = YES_ERROR;
				CLANG_WARN_DOCUMENTATION_COMMENTS = YES;
				CLANG_WARN_EMPTY_BODY = YES;
				CLANG_WARN_ENUM_CONVERSION = YES;
				CLANG_WARN_INFINITE_RECURSION = YES;
				CLANG_WARN_INT_CONVERSION = YES;
				CLANG_WARN_NON_LITERAL_NULL_CONVERSION = YES;
				CLANG_WARN_OBJC_IMPLICIT_RETAIN_SELF = YES;
				CLANG_WARN_OBJC_LITERAL_CONVERSION = YES;
				CLANG_WARN_OBJC_ROOT_CLASS = YES_ERROR;
				CLANG_WARN_QUOTED_INCLUDE_IN_FRAMEWORK_HEADER = YES;
				CLANG_WARN_RANGE_LOOP_ANALYSIS = YES;
				CLANG_WARN_STRICT_PROTOTYPES = YES;
				CLANG_WARN_SUSPICIOUS_MOVE = YES;
				CLANG_WARN_UNGUARDED_AVAILABILITY = YES_AGGRESSIVE;
				CLANG_WARN_UNREACHABLE_CODE = YES;
				CLANG_WARN__DUPLICATE_METHOD_MATCH = YES;
				COPY_PHASE_STRIP = NO;
				DEBUG_INFORMATION_FORMAT = dwarf;
				ENABLE_STRICT_OBJC_MSGSEND = YES;
				ENABLE_TESTABILITY = YES;
				ENABLE_USER_SCRIPT_SANDBOXING = YES;
				GCC_C_LANGUAGE_STANDARD = gnu17;
				GCC_DYNAMIC_NO_PIC = NO;
				GCC_NO_COMMON_BLOCKS = YES;
				GCC_OPTIMIZATION_LEVEL = 0;
				GCC_PREPROCESSOR_DEFINITIONS = (
					"DEBUG=1",
					"$(inherited)",
				);
				GCC_WARN_64_TO_32_BIT_CONVERSION = YES;
				GCC_WARN_ABOUT_RETURN_TYPE = YES_ERROR;
				GCC_WARN_UNDECLARED_SELECTOR = YES;
				GCC_WARN_UNINITIALIZED_AUTOS = YES_AGGRESSIVE;
				GCC_WARN_UNUSED_FUNCTION = YES;
				GCC_WARN_UNUSED_VARIABLE = YES;
				IPHONEOS_DEPLOYMENT_TARGET = 18.0;
				LOCALIZATION_PREFERS_STRING_CATALOGS = YES;
				MTL_ENABLE_DEBUG_INFO = INCLUDE_SOURCE;
				MTL_FAST_MATH = YES;
				ONLY_ACTIVE_ARCH = YES;
				SDKROOT = iphoneos;
				SWIFT_ACTIVE_COMPILATION_CONDITIONS = "DEBUG $(inherited)";
				SWIFT_OPTIMIZATION_LEVEL = "-Onone";
			};
			name = Debug;
		};
		D69329342ECC4ECE0028C88C /* Release */ = {
			isa = XCBuildConfiguration;
			buildSettings = {
				ALWAYS_SEARCH_USER_PATHS = NO;
				ASSETCATALOG_COMPILER_GENERATE_SWIFT_ASSET_SYMBOL_EXTENSIONS = YES;
				CLANG_ANALYZER_NONNULL = YES;
				CLANG_ANALYZER_NUMBER_OBJECT_CONVERSION = YES_AGGRESSIVE;
				CLANG_CXX_LANGUAGE_STANDARD = "gnu++20";
				CLANG_ENABLE_MODULES = YES;
				CLANG_ENABLE_OBJC_ARC = YES;
				CLANG_ENABLE_OBJC_WEAK = YES;
				CLANG_WARN_BLOCK_CAPTURE_AUTORELEASING = YES;
				CLANG_WARN_BOOL_CONVERSION = YES;
				CLANG_WARN_COMMA = YES;
				CLANG_WARN_CONSTANT_CONVERSION = YES;
				CLANG_WARN_DEPRECATED_OBJC_IMPLEMENTATIONS = YES;
				CLANG_WARN_DIRECT_OBJC_ISA_USAGE = YES_ERROR;
				CLANG_WARN_DOCUMENTATION_COMMENTS = YES;
				CLANG_WARN_EMPTY_BODY = YES;
				CLANG_WARN_ENUM_CONVERSION = YES;
				CLANG_WARN_INFINITE_RECURSION = YES;
				CLANG_WARN_INT_CONVERSION = YES;
				CLANG_WARN_NON_LITERAL_NULL_CONVERSION = YES;
				CLANG_WARN_OBJC_IMPLICIT_RETAIN_SELF = YES;
				CLANG_WARN_OBJC_LITERAL_CONVERSION = YES;
				CLANG_WARN_OBJC_ROOT_CLASS = YES_ERROR;
				CLANG_WARN_QUOTED_INCLUDE_IN_FRAMEWORK_HEADER = YES;
				CLANG_WARN_RANGE_LOOP_ANALYSIS = YES;
				CLANG_WARN_STRICT_PROTOTYPES = YES;
				CLANG_WARN_SUSPICIOUS_MOVE = YES;
				CLANG_WARN_UNGUARDED_AVAILABILITY = YES_AGGRESSIVE;
				CLANG_WARN_UNREACHABLE_CODE = YES;
				CLANG_WARN__DUPLICATE_METHOD_MATCH = YES;
				COPY_PHASE_STRIP = NO;
				DEBUG_INFORMATION_FORMAT = "dwarf-with-dsym";
				ENABLE_NS_ASSERTIONS = NO;
				ENABLE_STRICT_OBJC_MSGSEND = YES;
				ENABLE_USER_SCRIPT_SANDBOXING = YES;
				GCC_C_LANGUAGE_STANDARD = gnu17;
				GCC_NO_COMMON_BLOCKS = YES;
				GCC_WARN_64_TO_32_BIT_CONVERSION = YES;
				GCC_WARN_ABOUT_RETURN_TYPE = YES_ERROR;
				GCC_WARN_UNDECLARED_SELECTOR = YES;
				GCC_WARN_UNINITIALIZED_AUTOS = YES_AGGRESSIVE;
				GCC_WARN_UNUSED_FUNCTION = YES;
				GCC_WARN_UNUSED_VARIABLE = YES;
				IPHONEOS_DEPLOYMENT_TARGET = 18.0;
				LOCALIZATION_PREFERS_STRING_CATALOGS = YES;
				MTL_ENABLE_DEBUG_INFO = NO;
				MTL_FAST_MATH = YES;
				SDKROOT = iphoneos;
				SWIFT_COMPILATION_MODE = wholemodule;
				VALIDATE_PRODUCT = YES;
			};
			name = Release;
		};
		D69329362ECC4ECE0028C88C /* Debug */ = {
			isa = XCBuildConfiguration;
			buildSettings = {
				ASSETCATALOG_COMPILER_APPICON_NAME = AppIcon;
				ASSETCATALOG_COMPILER_GLOBAL_ACCENT_COLOR_NAME = AccentColor;
				CODE_SIGN_STYLE = Automatic;
				CURRENT_PROJECT_VERSION = 1;
				DEVELOPMENT_ASSET_PATHS = "\"BlossomMovie/Preview Content\"";
				ENABLE_PREVIEWS = YES;
				GENERATE_INFOPLIST_FILE = YES;
				INFOPLIST_KEY_UIApplicationSceneManifest_Generation = YES;
				INFOPLIST_KEY_UIApplicationSupportsIndirectInputEvents = YES;
				INFOPLIST_KEY_UILaunchScreen_Generation = YES;
				INFOPLIST_KEY_UISupportedInterfaceOrientations_iPad = "UIInterfaceOrientationPortrait UIInterfaceOrientationPortraitUpsideDown UIInterfaceOrientationLandscapeLeft UIInterfaceOrientationLandscapeRight";
				INFOPLIST_KEY_UISupportedInterfaceOrientations_iPhone = "UIInterfaceOrientationPortrait UIInterfaceOrientationLandscapeLeft UIInterfaceOrientationLandscapeRight";
				LD_RUNPATH_SEARCH_PATHS = (
					"$(inherited)",
					"@executable_path/Frameworks",
				);
				MARKETING_VERSION = 1.0;
				PRODUCT_BUNDLE_IDENTIFIER = com.BlossomBuild.BlossomMovie;
				PRODUCT_NAME = "$(TARGET_NAME)";
				SWIFT_EMIT_LOC_STRINGS = YES;
				SWIFT_VERSION = 5.0;
				TARGETED_DEVICE_FAMILY = "1,2";
			};
			name = Debug;
		};
		D69329372ECC4ECE0028C88C /* Release */ = {
			isa = XCBuildConfiguration;
			buildSettings = {
				ASSETCATALOG_COMPILER_APPICON_NAME = AppIcon;
				ASSETCATALOG_COMPILER_GLOBAL_ACCENT_COLOR_NAME = AccentColor;
				CODE_SIGN_STYLE = Automatic;
				CURRENT_PROJECT_VERSION = 1;
				DEVELOPMENT_ASSET_PATHS = "\"BlossomMovie/Preview Content\"";
				ENABLE_PREVIEWS = YES;
				GENERATE_INFOPLIST_FILE = YES;
				INFOPLIST_KEY_UIApplicationSceneManifest_Generation = YES;
				INFOPLIST_KEY_UIApplicationSupportsIndirectInputEvents = YES;
				INFOPLIST_KEY_UILaunchScreen_Generation = YES;
				INFOPLIST_KEY_UISupportedInterfaceOrientations_iPad = "UIInterfaceOrientationPortrait UIInterfaceOrientationPortraitUpsideDown UIInterfaceOrientationLandscapeLeft UIInterfaceOrientationLandscapeRight";
				INFOPLIST_KEY_UISupportedInterfaceOrientations_iPhone = "UIInterfaceOrientationPortrait UIInterfaceOrientationLandscapeLeft UIInterfaceOrientationLandscapeRight";
				LD_RUNPATH_SEARCH_PATHS = (
					"$(inherited)",
					"@executable_path/Frameworks",
				);
				MARKETING_VERSION = 1.0;
				PRODUCT_BUNDLE_IDENTIFIER = com.BlossomBuild.BlossomMovie;
				PRODUCT_NAME = "$(TARGET_NAME)";
				SWIFT_EMIT_LOC_STRINGS = YES;
				SWIFT_VERSION = 5.0;
				TARGETED_DEVICE_FAMILY = "1,2";
			};
			name = Release;
		};
		D69329392ECC4ECE0028C88C /* Debug */ = {
			isa = XCBuildConfiguration;
			buildSettings = {
				BUNDLE_LOADER = "$(TEST_HOST)";
				CODE_SIGN_STYLE = Automatic;
				CURRENT_PROJECT_VERSION = 1;
				GENERATE_INFOPLIST_FILE = YES;
				IPHONEOS_DEPLOYMENT_TARGET = 18.0;
				MARKETING_VERSION = 1.0;
				PRODUCT_BUNDLE_IDENTIFIER = com.BlossomBuild.BlossomMovieTests;
				PRODUCT_NAME = "$(TARGET_NAME)";
				SWIFT_EMIT_LOC_STRINGS = NO;
				SWIFT_VERSION = 5.0;
				TARGETED_DEVICE_FAMILY = "1,2";
				TEST_HOST = "$(BUILT_PRODUCTS_DIR)/BlossomMovie.app/$(BUNDLE_EXECUTABLE_FOLDER_PATH)/BlossomMovie";
			};
			name = Debug;
		};
		D693293A2ECC4ECE0028C88C /* Release */ = {
			isa = XCBuildConfiguration;
			buildSettings = {
				BUNDLE_LOADER = "$(TEST_HOST)";
				CODE_SIGN_STYLE = Automatic;
				CURRENT_PROJECT_VERSION = 1;
				GENERATE_INFOPLIST_FILE = YES;
				IPHONEOS_DEPLOYMENT_TARGET = 18.0;
				MARKETING_VERSION = 1.0;
				PRODUCT_BUNDLE_IDENTIFIER = com.BlossomBuild.BlossomMovieTests;
				PRODUCT_NAME = "$(TARGET_NAME)";
				SWIFT_EMIT_LOC_STRINGS = NO;
				SWIFT_VERSION = 5.0;
				TARGETED_DEVICE_FAMILY = "1,2";
				TEST_HOST = "$(BUILT_PRODUCTS_DIR)/BlossomMovie.app/$(BUNDLE_EXECUTABLE_FOLDER_PATH)/BlossomMovie";
			};
			name = Release;
		};
		D693293C2ECC4ECE0028C88C /* Debug */ = {
			isa = XCBuildConfiguration;
			buildSettings = {
				CODE_SIGN_STYLE = Automatic;
				CURRENT_PROJECT_VERSION = 1;
				GENERATE_INFOPLIST_FILE = YES;
				MARKETING_VERSION = 1.0;
				PRODUCT_BUNDLE_IDENTIFIER = com.BlossomBuild.BlossomMovieUITests;
				PRODUCT_NAME = "$(TARGET_NAME)";
				SWIFT_EMIT_LOC_STRINGS = NO;
				SWIFT_VERSION = 5.0;
				TARGETED_DEVICE_FAMILY = "1,2";
				TEST_TARGET_NAME = BlossomMovie;
			};
			name = Debug;
		};
		D693293D2ECC4ECE0028C88C /* Release */ = {
			isa = XCBuildConfiguration;
			buildSettings = {
				CODE_SIGN_STYLE = Automatic;
				CURRENT_PROJECT_VERSION = 1;
				GENERATE_INFOPLIST_FILE = YES;
				MARKETING_VERSION = 1.0;
				PRODUCT_BUNDLE_IDENTIFIER = com.BlossomBuild.BlossomMovieUITests;
				PRODUCT_NAME = "$(TARGET_NAME)";
				SWIFT_EMIT_LOC_STRINGS = NO;
				SWIFT_VERSION = 5.0;
				TARGETED_DEVICE_FAMILY = "1,2";
				TEST_TARGET_NAME = BlossomMovie;
			};
			name = Release;
		};
/* End XCBuildConfiguration section */

/* Begin XCConfigurationList section */
		D693290C2ECC4ECD0028C88C /* Build configuration list for PBXProject "BlossomMovie" */ = {
			isa = XCConfigurationList;
			buildConfigurations = (
				D69329332ECC4ECE0028C88C /* Debug */,
				D69329342ECC4ECE0028C88C /* Release */,
			);
			defaultConfigurationIsVisible = 0;
			defaultConfigurationName = Release;
		};
		D69329352ECC4ECE0028C88C /* Build configuration list for PBXNativeTarget "BlossomMovie" */ = {
			isa = XCConfigurationList;
			buildConfigurations = (
				D69329362ECC4ECE0028C88C /* Debug */,
				D69329372ECC4ECE0028C88C /* Release */,
			);
			defaultConfigurationIsVisible = 0;
			defaultConfigurationName = Release;
		};
		D69329382ECC4ECE0028C88C /* Build configuration list for PBXNativeTarget "BlossomMovieTests" */ = {
			isa = XCConfigurationList;
			buildConfigurations = (
				D69329392ECC4ECE0028C88C /* Debug */,
				D693293A2ECC4ECE0028C88C /* Release */,
			);
			defaultConfigurationIsVisible = 0;
			defaultConfigurationName = Release;
		};
		D693293B2ECC4ECE0028C88C /* Build configuration list for PBXNativeTarget "BlossomMovieUITests" */ = {
			isa = XCConfigurationList;
			buildConfigurations = (
				D693293C2ECC4ECE0028C88C /* Debug */,
				D693293D2ECC4ECE0028C88C /* Release */,
			);
			defaultConfigurationIsVisible = 0;
			defaultConfigurationName = Release;
		};
/* End XCConfigurationList section */
	};
	rootObject = D69329092ECC4ECD0028C88C /* Project object */;
}
